<?xml version="1.0" encoding="utf-8"?>
<Project ToolsVersion="4.0" xmlns="http://schemas.microsoft.com/developer/msbuild/2003">
  <ItemGroup>
    <Filter Include="Source Files">
      <UniqueIdentifier>{53e66597-eead-4ecc-9ecb-fcb973e01460}</UniqueIdentifier>
      <Extensions>cpp;c;cxx;rc;def;r;odl;idl;hpj;bat</Extensions>
    </Filter>
    <Filter Include="Source Files\HSE">
      <UniqueIdentifier>{1a7dd13b-afad-4636-a93f-d0d6a318d756}</UniqueIdentifier>
    </Filter>
    <Filter Include="Source Files\GridCtrl">
      <UniqueIdentifier>{fa856bf3-6813-4766-84dd-b7c07be0924b}</UniqueIdentifier>
    </Filter>
    <Filter Include="Header Files">
      <UniqueIdentifier>{b144b124-a83c-4818-9539-545937fe3711}</UniqueIdentifier>
      <Extensions>h;hpp;hxx;hm;inl</Extensions>
    </Filter>
    <Filter Include="Header Files\GridCtrl">
      <UniqueIdentifier>{46bea576-6ee5-443b-99bb-3e89e61ea997}</UniqueIdentifier>
    </Filter>
    <Filter Include="Resource Files">
      <UniqueIdentifier>{a7d5ae35-17d3-4049-be5f-eea4be89ac8b}</UniqueIdentifier>
      <Extensions>ico;cur;bmp;dlg;rc2;rct;bin;rgs;gif;jpg;jpeg;jpe</Extensions>
    </Filter>
  </ItemGroup>
  <ItemGroup>
    <ClCompile Include="BitmapTableUnit.cpp">
      <Filter>Source Files</Filter>
    </ClCompile>
    <ClCompile Include="DataTableUnit.cpp">
      <Filter>Source Files</Filter>
    </ClCompile>
    <ClCompile Include="Gfx_printjob.cpp">
      <Filter>Source Files</Filter>
    </ClCompile>
    <ClCompile Include="Gfx_printunit.cpp">
      <Filter>Source Files</Filter>
    </ClCompile>
    <ClCompile Include="MergableTableUnit.cpp">
      <Filter>Source Files</Filter>
    </ClCompile>
    <ClCompile Include="MultiTablesUnit.cpp">
      <Filter>Source Files</Filter>
    </ClCompile>
    <ClCompile Include="print.cpp">
      <Filter>Source Files</Filter>
    </ClCompile>
    <ClCompile Include="printDlg.cpp">
      <Filter>Source Files</Filter>
    </ClCompile>
    <ClCompile Include="PrintUnitFromDC.cpp">
      <Filter>Source Files</Filter>
    </ClCompile>
    <ClCompile Include="PrintUnitMergableTable.cpp">
      <Filter>Source Files</Filter>
    </ClCompile>
    <ClCompile Include="StdAfx.cpp">
      <Filter>Source Files</Filter>
    </ClCompile>
    <ClCompile Include="HSECPrintPageConfig.cpp">
      <Filter>Source Files\HSE</Filter>
    </ClCompile>
    <ClCompile Include="HSEPrinter.cpp">
      <Filter>Source Files\HSE</Filter>
    </ClCompile>
    <ClCompile Include="GridCtrl\GridCell.cpp">
      <Filter>Source Files\GridCtrl</Filter>
    </ClCompile>
    <ClCompile Include="GridCtrl\GridCellBase.cpp">
      <Filter>Source Files\GridCtrl</Filter>
    </ClCompile>
    <ClCompile Include="GridCtrl\GridCtrl.cpp">
      <Filter>Source Files\GridCtrl</Filter>
    </ClCompile>
    <ClCompile Include="GridCtrl\GridDropTarget.cpp">
      <Filter>Source Files\GridCtrl</Filter>
    </ClCompile>
    <ClCompile Include="GridCtrl\InPlaceEdit.cpp">
      <Filter>Source Files\GridCtrl</Filter>
    </ClCompile>
    <ClCompile Include="GridCtrl\TitleTip.cpp">
      <Filter>Source Files\GridCtrl</Filter>
    </ClCompile>
  </ItemGroup>
  <ItemGroup>
    <ResourceCompile Include="print.rc">
      <Filter>Source Files</Filter>
    </ResourceCompile>
  </ItemGroup>
  <ItemGroup>
    <ClInclude Include="HSECPrintPageConfig.h">
      <Filter>Source Files\HSE</Filter>
    </ClInclude>
    <ClInclude Include="HSEPrinter.h">
      <Filter>Source Files\HSE</Filter>
    </ClInclude>
    <ClInclude Include="BitmapTableUnit.h">
      <Filter>Header Files</Filter>
    </ClInclude>
    <ClInclude Include="DataTableUnit.h">
      <Filter>Header Files</Filter>
    </ClInclude>
    <ClInclude Include="Gfx_printjob.h">
      <Filter>Header Files</Filter>
    </ClInclude>
    <ClInclude Include="Gfx_printunit.h">
      <Filter>Header Files</Filter>
    </ClInclude>
    <ClInclude Include="IPrintable.h">
      <Filter>Header Files</Filter>
    </ClInclude>
    <ClInclude Include="MergableTableUnit.h">
      <Filter>Header Files</Filter>
    </ClInclude>
    <ClInclude Include="MultiTablesUnit.h">
      <Filter>Header Files</Filter>
    </ClInclude>
    <ClInclude Include="print.h">
      <Filter>Header Files</Filter>
    </ClInclude>
    <ClInclude Include="printDlg.h">
      <Filter>Header Files</Filter>
    </ClInclude>
    <ClInclude Include="PrintUnitFromDC.h">
      <Filter>Header Files</Filter>
    </ClInclude>
    <ClInclude Include="PrintUnitMergableTable.h">
      <Filter>Header Files</Filter>
    </ClInclude>
    <ClInclude Include="PrintUnitTable.h">
      <Filter>Header Files</Filter>
    </ClInclude>
    <ClInclude Include="Resource.h">
      <Filter>Header Files</Filter>
    </ClInclude>
    <ClInclude Include="StdAfx.h">
      <Filter>Header Files</Filter>
    </ClInclude>
    <ClInclude Include="GridCtrl\CellRange.h">
      <Filter>Header Files\GridCtrl</Filter>
    </ClInclude>
    <ClInclude Include="GridCtrl\GridCell.h">
      <Filter>Header Files\GridCtrl</Filter>
    </ClInclude>
    <ClInclude Include="GridCtrl\GridCellBase.h">
      <Filter>Header Files\GridCtrl</Filter>
    </ClInclude>
    <ClInclude Include="GridCtrl\GridCtrl.h">
      <Filter>Header Files\GridCtrl</Filter>
    </ClInclude>
    <ClInclude Include="GridCtrl\GridDropTarget.h">
      <Filter>Header Files\GridCtrl</Filter>
    </ClInclude>
    <ClInclude Include="GridCtrl\InPlaceEdit.h">
      <Filter>Header Files\GridCtrl</Filter>
    </ClInclude>
    <ClInclude Include="GridCtrl\TitleTip.h">
      <Filter>Header Files\GridCtrl</Filter>
    </ClInclude>
    <ClInclude Include="MemDCForPrint.h">
      <Filter>Header Files</Filter>
    </ClInclude>
  </ItemGroup>
  <ItemGroup>
    <None Include="res\print.ico">
      <Filter>Resource Files</Filter>
    </None>
    <None Include="res\print.rc2">
      <Filter>Resource Files</Filter>
    </None>
    <None Include="ReadMe.txt" />
  </ItemGroup>
</Project>