
Microsoft Visual Studio Solution File, Format Version 9.00
# Visual Studio 2005
Project("{8BC9CEB8-8B4A-11D0-8D11-00A0C91BC942}") = "HSEP", "HSEP\HSEP.vcproj", "{B6A9B30F-95F9-4D1F-92E9-8E410FC9617A}"
EndProject
Global
	GlobalSection(SolutionConfigurationPlatforms) = preSolution
		Debug|EM9000 (ARMV4I) = Debug|EM9000 (ARMV4I)
		Debug|Mixed Platforms = Debug|Mixed Platforms
		Debug|Pocket PC 2003 (ARMV4) = Debug|Pocket PC 2003 (ARMV4)
		Debug|Win32 = Debug|Win32
		Release|EM9000 (ARMV4I) = Release|EM9000 (ARMV4I)
		Release|Mixed Platforms = Release|Mixed Platforms
		Release|Pocket PC 2003 (ARMV4) = Release|Pocket PC 2003 (ARMV4)
		Release|Win32 = Release|Win32
	EndGlobalSection
	GlobalSection(ProjectConfigurationPlatforms) = postSolution
		{B6A9B30F-95F9-4D1F-92E9-8E410FC9617A}.Debug|EM9000 (ARMV4I).ActiveCfg = Debug|Win32
		{B6A9B30F-95F9-4D1F-92E9-8E410FC9617A}.Debug|Mixed Platforms.ActiveCfg = Debug|Win32
		{B6A9B30F-95F9-4D1F-92E9-8E410FC9617A}.Debug|Mixed Platforms.Build.0 = Debug|Win32
		{B6A9B30F-95F9-4D1F-92E9-8E410FC9617A}.Debug|Pocket PC 2003 (ARMV4).ActiveCfg = Debug|Win32
		{B6A9B30F-95F9-4D1F-92E9-8E410FC9617A}.Debug|Win32.ActiveCfg = Debug|Win32
		{B6A9B30F-95F9-4D1F-92E9-8E410FC9617A}.Debug|Win32.Build.0 = Debug|Win32
		{B6A9B30F-95F9-4D1F-92E9-8E410FC9617A}.Release|EM9000 (ARMV4I).ActiveCfg = Release|Win32
		{B6A9B30F-95F9-4D1F-92E9-8E410FC9617A}.Release|Mixed Platforms.ActiveCfg = Release|Win32
		{B6A9B30F-95F9-4D1F-92E9-8E410FC9617A}.Release|Mixed Platforms.Build.0 = Release|Win32
		{B6A9B30F-95F9-4D1F-92E9-8E410FC9617A}.Release|Pocket PC 2003 (ARMV4).ActiveCfg = Release|Win32
		{B6A9B30F-95F9-4D1F-92E9-8E410FC9617A}.Release|Win32.ActiveCfg = Release|Win32
		{B6A9B30F-95F9-4D1F-92E9-8E410FC9617A}.Release|Win32.Build.0 = Release|Win32
	EndGlobalSection
	GlobalSection(SolutionProperties) = preSolution
		HideSolutionNode = FALSE
	EndGlobalSection
EndGlobal
