
Microsoft Visual Studio Solution File, Format Version 11.00
# Visual Studio 2010
Project("{8BC9CEB8-8B4A-11D0-8D11-00A0C91BC942}") = "PrintingDll", "PrintingDll\PrintingDll.vcxproj", "{133EAE80-7CF6-4DED-9571-730CC3FE3D46}"
EndProject
Global
	GlobalSection(SolutionConfigurationPlatforms) = preSolution
		Debug|Win32 = Debug|Win32
		Release|Win32 = Release|Win32
	EndGlobalSection
	GlobalSection(ProjectConfigurationPlatforms) = postSolution
		{133EAE80-7CF6-4DED-9571-730CC3FE3D46}.Debug|Win32.ActiveCfg = Debug|Win32
		{133EAE80-7CF6-4DED-9571-730CC3FE3D46}.Debug|Win32.Build.0 = Debug|Win32
		{133EAE80-7CF6-4DED-9571-730CC3FE3D46}.Release|Win32.ActiveCfg = Release|Win32
		{133EAE80-7CF6-4DED-9571-730CC3FE3D46}.Release|Win32.Build.0 = Release|Win32
	EndGlobalSection
	GlobalSection(SolutionProperties) = preSolution
		HideSolutionNode = FALSE
	EndGlobalSection
EndGlobal
