
Microsoft Visual Studio Solution File, Format Version 11.00
# Visual Studio 2010
Project("{8BC9CEB8-8B4A-11D0-8D11-00A0C91BC942}") = "GridViewDemo", "GridViewDemo.vcxproj", "{2209FFE4-9B45-44CB-8134-45395BB0E3FF}"
EndProject
Global
	GlobalSection(SolutionConfigurationPlatforms) = preSolution
		Debug|Win32 = Debug|Win32
		Release|Win32 = Release|Win32
	EndGlobalSection
	GlobalSection(ProjectConfigurationPlatforms) = postSolution
		{2209FFE4-9B45-44CB-8134-45395BB0E3FF}.Debug|Win32.ActiveCfg = Debug|Win32
		{2209FFE4-9B45-44CB-8134-45395BB0E3FF}.Debug|Win32.Build.0 = Debug|Win32
		{2209FFE4-9B45-44CB-8134-45395BB0E3FF}.Release|Win32.ActiveCfg = Release|Win32
		{2209FFE4-9B45-44CB-8134-45395BB0E3FF}.Release|Win32.Build.0 = Release|Win32
	EndGlobalSection
	GlobalSection(SolutionProperties) = preSolution
		HideSolutionNode = FALSE
	EndGlobalSection
EndGlobal
